
Microsoft Visual Studio Solution File, Format Version 12.00
# Visual Studio Version 17
VisualStudioVersion = 17.7.34024.191
MinimumVisualStudioVersion = 10.0.40219.1
Project("{FAE04EC0-301F-11D3-BF4B-00C04F79EFBC}") = "hm_1", "hm_1\hm_1.csproj", "{DD230C1F-DB8F-48B9-B94F-F6F0C495C5DA}"
EndProject
Global
	GlobalSection(SolutionConfigurationPlatforms) = preSolution
		Debug|Any CPU = Debug|Any CPU
		Release|Any CPU = Release|Any CPU
	EndGlobalSection
	GlobalSection(ProjectConfigurationPlatforms) = postSolution
		{DD230C1F-DB8F-48B9-B94F-F6F0C495C5DA}.Debug|Any CPU.ActiveCfg = Debug|Any CPU
		{DD230C1F-DB8F-48B9-B94F-F6F0C495C5DA}.Debug|Any CPU.Build.0 = Debug|Any CPU
		{DD230C1F-DB8F-48B9-B94F-F6F0C495C5DA}.Release|Any CPU.ActiveCfg = Release|Any CPU
		{DD230C1F-DB8F-48B9-B94F-F6F0C495C5DA}.Release|Any CPU.Build.0 = Release|Any CPU
	EndGlobalSection
	GlobalSection(SolutionProperties) = preSolution
		HideSolutionNode = FALSE
	EndGlobalSection
	GlobalSection(ExtensibilityGlobals) = postSolution
		SolutionGuid = {F1718B2A-AFED-451B-A36D-504EBAC28517}
	EndGlobalSection
EndGlobal
